
Microsoft Visual Studio Solution File, Format Version 12.00
# Visual Studio Version 17
VisualStudioVersion = 17.0.31903.59
MinimumVisualStudioVersion = 10.0.40219.1
Project("{2150E333-8FDC-42A3-9474-1A3956D46DE8}") = "Questionnaire", "Questionnaire", "{F4E90F09-B91C-44FB-B669-41426211809F}"
EndProject
Project("{FAE04EC0-301F-11D3-BF4B-00C04F79EFBC}") = "Questionnaire.Domain", "Questionnaire\Questionnaire.Domain\Questionnaire.Domain.csproj", "{F132CFAF-0E02-42B3-82F8-F6BFD61A7C83}"
EndProject
Project("{FAE04EC0-301F-11D3-BF4B-00C04F79EFBC}") = "Questionnaire.Test", "Questionnaire\Questionnaire.Test\Questionnaire.Test.csproj", "{A82695A0-6497-4F2F-84FB-A0A1982106D8}"
EndProject
Global
	GlobalSection(SolutionConfigurationPlatforms) = preSolution
		Debug|Any CPU = Debug|Any CPU
		Release|Any CPU = Release|Any CPU
	EndGlobalSection
	GlobalSection(SolutionProperties) = preSolution
		HideSolutionNode = FALSE
	EndGlobalSection
	GlobalSection(ProjectConfigurationPlatforms) = postSolution
		{F132CFAF-0E02-42B3-82F8-F6BFD61A7C83}.Debug|Any CPU.ActiveCfg = Debug|Any CPU
		{F132CFAF-0E02-42B3-82F8-F6BFD61A7C83}.Debug|Any CPU.Build.0 = Debug|Any CPU
		{F132CFAF-0E02-42B3-82F8-F6BFD61A7C83}.Release|Any CPU.ActiveCfg = Release|Any CPU
		{F132CFAF-0E02-42B3-82F8-F6BFD61A7C83}.Release|Any CPU.Build.0 = Release|Any CPU
		{A82695A0-6497-4F2F-84FB-A0A1982106D8}.Debug|Any CPU.ActiveCfg = Debug|Any CPU
		{A82695A0-6497-4F2F-84FB-A0A1982106D8}.Debug|Any CPU.Build.0 = Debug|Any CPU
		{A82695A0-6497-4F2F-84FB-A0A1982106D8}.Release|Any CPU.ActiveCfg = Release|Any CPU
		{A82695A0-6497-4F2F-84FB-A0A1982106D8}.Release|Any CPU.Build.0 = Release|Any CPU
	EndGlobalSection
	GlobalSection(NestedProjects) = preSolution
		{F132CFAF-0E02-42B3-82F8-F6BFD61A7C83} = {F4E90F09-B91C-44FB-B669-41426211809F}
		{A82695A0-6497-4F2F-84FB-A0A1982106D8} = {F4E90F09-B91C-44FB-B669-41426211809F}
	EndGlobalSection
EndGlobal
